
Microsoft Visual Studio Solution File, Format Version 12.00
# Visual Studio 15
VisualStudioVersion = 15.0.28010.2046
MinimumVisualStudioVersion = 10.0.40219.1
Project("{FAE04EC0-301F-11D3-BF4B-00C04F79EFBC}") = "temperature", "temperature\temperature.csproj", "{AA8C9BE3-1770-428B-AE66-EACCEA7A2BCC}"
EndProject
Global
	GlobalSection(SolutionConfigurationPlatforms) = preSolution
		Debug|Any CPU = Debug|Any CPU
		Release|Any CPU = Release|Any CPU
	EndGlobalSection
	GlobalSection(ProjectConfigurationPlatforms) = postSolution
		{AA8C9BE3-1770-428B-AE66-EACCEA7A2BCC}.Debug|Any CPU.ActiveCfg = Debug|Any CPU
		{AA8C9BE3-1770-428B-AE66-EACCEA7A2BCC}.Debug|Any CPU.Build.0 = Debug|Any CPU
		{AA8C9BE3-1770-428B-AE66-EACCEA7A2BCC}.Release|Any CPU.ActiveCfg = Release|Any CPU
		{AA8C9BE3-1770-428B-AE66-EACCEA7A2BCC}.Release|Any CPU.Build.0 = Release|Any CPU
	EndGlobalSection
	GlobalSection(SolutionProperties) = preSolution
		HideSolutionNode = FALSE
	EndGlobalSection
	GlobalSection(ExtensibilityGlobals) = postSolution
		SolutionGuid = {15EEEA3F-DB28-4AD3-A40C-CAA28F7A0972}
	EndGlobalSection
EndGlobal
