
Microsoft Visual Studio Solution File, Format Version 12.00
# Visual Studio 15
VisualStudioVersion = 15.0.28010.2046
MinimumVisualStudioVersion = 10.0.40219.1
Project("{FAE04EC0-301F-11D3-BF4B-00C04F79EFBC}") = "Midterm 9", "Midterm 9\Midterm 9.csproj", "{C5A5D0C6-0628-494B-93D4-40FAA835DDD0}"
EndProject
Global
	GlobalSection(SolutionConfigurationPlatforms) = preSolution
		Debug|Any CPU = Debug|Any CPU
		Release|Any CPU = Release|Any CPU
	EndGlobalSection
	GlobalSection(ProjectConfigurationPlatforms) = postSolution
		{C5A5D0C6-0628-494B-93D4-40FAA835DDD0}.Debug|Any CPU.ActiveCfg = Debug|Any CPU
		{C5A5D0C6-0628-494B-93D4-40FAA835DDD0}.Debug|Any CPU.Build.0 = Debug|Any CPU
		{C5A5D0C6-0628-494B-93D4-40FAA835DDD0}.Release|Any CPU.ActiveCfg = Release|Any CPU
		{C5A5D0C6-0628-494B-93D4-40FAA835DDD0}.Release|Any CPU.Build.0 = Release|Any CPU
	EndGlobalSection
	GlobalSection(SolutionProperties) = preSolution
		HideSolutionNode = FALSE
	EndGlobalSection
	GlobalSection(ExtensibilityGlobals) = postSolution
		SolutionGuid = {97F76811-2969-4815-A4F1-0ADB09442591}
	EndGlobalSection
EndGlobal
