
Microsoft Visual Studio Solution File, Format Version 12.00
# Visual Studio 15
VisualStudioVersion = 15.0.28010.2046
MinimumVisualStudioVersion = 10.0.40219.1
Project("{FAE04EC0-301F-11D3-BF4B-00C04F79EFBC}") = "60 to 20 decrement by 5 FOR", "60 to 20 decrement by 5 FOR\60 to 20 decrement by 5 FOR.csproj", "{9154E7C6-F098-4FF6-9D9B-DDDC3117B93F}"
EndProject
Global
	GlobalSection(SolutionConfigurationPlatforms) = preSolution
		Debug|Any CPU = Debug|Any CPU
		Release|Any CPU = Release|Any CPU
	EndGlobalSection
	GlobalSection(ProjectConfigurationPlatforms) = postSolution
		{9154E7C6-F098-4FF6-9D9B-DDDC3117B93F}.Debug|Any CPU.ActiveCfg = Debug|Any CPU
		{9154E7C6-F098-4FF6-9D9B-DDDC3117B93F}.Debug|Any CPU.Build.0 = Debug|Any CPU
		{9154E7C6-F098-4FF6-9D9B-DDDC3117B93F}.Release|Any CPU.ActiveCfg = Release|Any CPU
		{9154E7C6-F098-4FF6-9D9B-DDDC3117B93F}.Release|Any CPU.Build.0 = Release|Any CPU
	EndGlobalSection
	GlobalSection(SolutionProperties) = preSolution
		HideSolutionNode = FALSE
	EndGlobalSection
	GlobalSection(ExtensibilityGlobals) = postSolution
		SolutionGuid = {7AC8F4C4-80EF-4FA2-9B3E-8A93F39C6547}
	EndGlobalSection
EndGlobal
