
Microsoft Visual Studio Solution File, Format Version 12.00
# Visual Studio 15
VisualStudioVersion = 15.0.28010.2046
MinimumVisualStudioVersion = 10.0.40219.1
Project("{FAE04EC0-301F-11D3-BF4B-00C04F79EFBC}") = "Lab1", "Lab1\Lab1.csproj", "{55C641A1-C6A6-4AC3-83FD-E3CEA1089B19}"
EndProject
Global
	GlobalSection(SolutionConfigurationPlatforms) = preSolution
		Debug|Any CPU = Debug|Any CPU
		Release|Any CPU = Release|Any CPU
	EndGlobalSection
	GlobalSection(ProjectConfigurationPlatforms) = postSolution
		{55C641A1-C6A6-4AC3-83FD-E3CEA1089B19}.Debug|Any CPU.ActiveCfg = Debug|Any CPU
		{55C641A1-C6A6-4AC3-83FD-E3CEA1089B19}.Debug|Any CPU.Build.0 = Debug|Any CPU
		{55C641A1-C6A6-4AC3-83FD-E3CEA1089B19}.Release|Any CPU.ActiveCfg = Release|Any CPU
		{55C641A1-C6A6-4AC3-83FD-E3CEA1089B19}.Release|Any CPU.Build.0 = Release|Any CPU
	EndGlobalSection
	GlobalSection(SolutionProperties) = preSolution
		HideSolutionNode = FALSE
	EndGlobalSection
	GlobalSection(ExtensibilityGlobals) = postSolution
		SolutionGuid = {3572D51C-8E82-4C66-A53F-A43CEF028B6C}
	EndGlobalSection
EndGlobal
