
Microsoft Visual Studio Solution File, Format Version 12.00
# Visual Studio 15
VisualStudioVersion = 15.0.28010.2046
MinimumVisualStudioVersion = 10.0.40219.1
Project("{FAE04EC0-301F-11D3-BF4B-00C04F79EFBC}") = "Lab 6 number six", "Lab 6 number six\Lab 6 number six.csproj", "{293086A9-C794-4506-A75C-DD409574EBD3}"
EndProject
Global
	GlobalSection(SolutionConfigurationPlatforms) = preSolution
		Debug|Any CPU = Debug|Any CPU
		Release|Any CPU = Release|Any CPU
	EndGlobalSection
	GlobalSection(ProjectConfigurationPlatforms) = postSolution
		{293086A9-C794-4506-A75C-DD409574EBD3}.Debug|Any CPU.ActiveCfg = Debug|Any CPU
		{293086A9-C794-4506-A75C-DD409574EBD3}.Debug|Any CPU.Build.0 = Debug|Any CPU
		{293086A9-C794-4506-A75C-DD409574EBD3}.Release|Any CPU.ActiveCfg = Release|Any CPU
		{293086A9-C794-4506-A75C-DD409574EBD3}.Release|Any CPU.Build.0 = Release|Any CPU
	EndGlobalSection
	GlobalSection(SolutionProperties) = preSolution
		HideSolutionNode = FALSE
	EndGlobalSection
	GlobalSection(ExtensibilityGlobals) = postSolution
		SolutionGuid = {EA31CB37-2F36-4C49-B7EE-C37B05BC5A74}
	EndGlobalSection
EndGlobal
